// !$*UTF8*$!
{
	archiveVersion = 1;
	classes = {
	};
	objectVersion = 51;
	objects = {

/* Begin PBXBuildFile section */
		3E0582E8E711E294A0EBD3B3 /* Pods_DropboxTestTests.framework in Frameworks */ = {isa = PBXBuildFile; fileRef = 0A20657F16EE06767FB0853C /* Pods_DropboxTestTests.framework */; };
		432DF4A9188653A4C7E7CD47 /* Pods_DropboxTest.framework in Frameworks */ = {isa = PBXBuildFile; fileRef = AE02661155FD1010743D6A6C /* Pods_DropboxTest.framework */; };
		69814850234946EC008BD841 /* AppStyle.swift in Sources */ = {isa = PBXBuildFile; fileRef = 6981484F234946EC008BD841 /* AppStyle.swift */; };
		69814852234946FC008BD841 /* ColorPalette.swift in Sources */ = {isa = PBXBuildFile; fileRef = 69814851234946FC008BD841 /* ColorPalette.swift */; };
		6981485523494873008BD841 /* UIView+Utils.swift in Sources */ = {isa = PBXBuildFile; fileRef = 6981485423494873008BD841 /* UIView+Utils.swift */; };
		69BBE16A2348F9D500597DE1 /* AppDelegate.swift in Sources */ = {isa = PBXBuildFile; fileRef = 69BBE1692348F9D500597DE1 /* AppDelegate.swift */; };
		69BBE1712348F9D700597DE1 /* Assets.xcassets in Resources */ = {isa = PBXBuildFile; fileRef = 69BBE1702348F9D700597DE1 /* Assets.xcassets */; };
		69BBE1742348F9D700597DE1 /* LaunchScreen.storyboard in Resources */ = {isa = PBXBuildFile; fileRef = 69BBE1722348F9D700597DE1 /* LaunchScreen.storyboard */; };
		69BBE17F2348F9D700597DE1 /* DropboxTestTests.swift in Sources */ = {isa = PBXBuildFile; fileRef = 69BBE17E2348F9D700597DE1 /* DropboxTestTests.swift */; };
		69BBE1972349119200597DE1 /* LocalizableString.swift in Sources */ = {isa = PBXBuildFile; fileRef = 69BBE1962349119200597DE1 /* LocalizableString.swift */; };
		69BBE1A223491EE700597DE1 /* Localizable.strings in Resources */ = {isa = PBXBuildFile; fileRef = 69BBE1A423491EE700597DE1 /* Localizable.strings */; };
		69BBE1A823491FB800597DE1 /* Coordinator.swift in Sources */ = {isa = PBXBuildFile; fileRef = 69BBE1A723491FB800597DE1 /* Coordinator.swift */; };
		69BBE1AA23491FD100597DE1 /* AppCoordinator.swift in Sources */ = {isa = PBXBuildFile; fileRef = 69BBE1A923491FD100597DE1 /* AppCoordinator.swift */; };
		69BBE1B02349210C00597DE1 /* BrowserViewController.swift in Sources */ = {isa = PBXBuildFile; fileRef = 69BBE1AE2349210C00597DE1 /* BrowserViewController.swift */; };
		69BBE1B32349211800597DE1 /* BrowserCoordinator.swift in Sources */ = {isa = PBXBuildFile; fileRef = 69BBE1B22349211800597DE1 /* BrowserCoordinator.swift */; };
		69BBE1B52349212300597DE1 /* LoginCoordinator.swift in Sources */ = {isa = PBXBuildFile; fileRef = 69BBE1B42349212300597DE1 /* LoginCoordinator.swift */; };
		69BBE1BB23492B5C00597DE1 /* LoginViewController.swift in Sources */ = {isa = PBXBuildFile; fileRef = 69BBE1B923492B5C00597DE1 /* LoginViewController.swift */; };
		69BBE1BE2349320B00597DE1 /* LoginViewModel.swift in Sources */ = {isa = PBXBuildFile; fileRef = 69BBE1BD2349320B00597DE1 /* LoginViewModel.swift */; };
		69BBE1C123493E9C00597DE1 /* ServiceClient.swift in Sources */ = {isa = PBXBuildFile; fileRef = 69BBE1C023493E9C00597DE1 /* ServiceClient.swift */; };
		69BBE1C323493F4D00597DE1 /* BrowserViewModel.swift in Sources */ = {isa = PBXBuildFile; fileRef = 69BBE1C223493F4D00597DE1 /* BrowserViewModel.swift */; };
/* End PBXBuildFile section */

/* Begin PBXContainerItemProxy section */
		69BBE17B2348F9D700597DE1 /* PBXContainerItemProxy */ = {
			isa = PBXContainerItemProxy;
			containerPortal = 69BBE15E2348F9D500597DE1 /* Project object */;
			proxyType = 1;
			remoteGlobalIDString = 69BBE1652348F9D500597DE1;
			remoteInfo = DropboxTest;
		};
/* End PBXContainerItemProxy section */

/* Begin PBXFileReference section */
		0A20657F16EE06767FB0853C /* Pods_DropboxTestTests.framework */ = {isa = PBXFileReference; explicitFileType = wrapper.framework; includeInIndex = 0; path = Pods_DropboxTestTests.framework; sourceTree = BUILT_PRODUCTS_DIR; };
		6653A82CA47A6D359AB37045 /* Pods-DropboxTest.release.xcconfig */ = {isa = PBXFileReference; includeInIndex = 1; lastKnownFileType = text.xcconfig; name = "Pods-DropboxTest.release.xcconfig"; path = "Target Support Files/Pods-DropboxTest/Pods-DropboxTest.release.xcconfig"; sourceTree = "<group>"; };
		6981484F234946EC008BD841 /* AppStyle.swift */ = {isa = PBXFileReference; lastKnownFileType = sourcecode.swift; path = AppStyle.swift; sourceTree = "<group>"; };
		69814851234946FC008BD841 /* ColorPalette.swift */ = {isa = PBXFileReference; lastKnownFileType = sourcecode.swift; path = ColorPalette.swift; sourceTree = "<group>"; };
		6981485423494873008BD841 /* UIView+Utils.swift */ = {isa = PBXFileReference; lastKnownFileType = sourcecode.swift; path = "UIView+Utils.swift"; sourceTree = "<group>"; };
		69BBE1662348F9D500597DE1 /* DropboxTest.app */ = {isa = PBXFileReference; explicitFileType = wrapper.application; includeInIndex = 0; path = DropboxTest.app; sourceTree = BUILT_PRODUCTS_DIR; };
		69BBE1692348F9D500597DE1 /* AppDelegate.swift */ = {isa = PBXFileReference; lastKnownFileType = sourcecode.swift; path = AppDelegate.swift; sourceTree = "<group>"; };
		69BBE1702348F9D700597DE1 /* Assets.xcassets */ = {isa = PBXFileReference; lastKnownFileType = folder.assetcatalog; path = Assets.xcassets; sourceTree = "<group>"; };
		69BBE1732348F9D700597DE1 /* Base */ = {isa = PBXFileReference; lastKnownFileType = file.storyboard; name = Base; path = Base.lproj/LaunchScreen.storyboard; sourceTree = "<group>"; };
		69BBE1752348F9D700597DE1 /* Info.plist */ = {isa = PBXFileReference; lastKnownFileType = text.plist.xml; path = Info.plist; sourceTree = "<group>"; };
		69BBE17A2348F9D700597DE1 /* DropboxTestTests.xctest */ = {isa = PBXFileReference; explicitFileType = wrapper.cfbundle; includeInIndex = 0; path = DropboxTestTests.xctest; sourceTree = BUILT_PRODUCTS_DIR; };
		69BBE17E2348F9D700597DE1 /* DropboxTestTests.swift */ = {isa = PBXFileReference; lastKnownFileType = sourcecode.swift; path = DropboxTestTests.swift; sourceTree = "<group>"; };
		69BBE1802348F9D700597DE1 /* Info.plist */ = {isa = PBXFileReference; lastKnownFileType = text.plist.xml; path = Info.plist; sourceTree = "<group>"; };
		69BBE1922349113F00597DE1 /* es */ = {isa = PBXFileReference; lastKnownFileType = text.plist.strings; name = es; path = es.lproj/LaunchScreen.strings; sourceTree = "<group>"; };
		69BBE1942349114100597DE1 /* en */ = {isa = PBXFileReference; lastKnownFileType = text.plist.strings; name = en; path = en.lproj/LaunchScreen.strings; sourceTree = "<group>"; };
		69BBE1962349119200597DE1 /* LocalizableString.swift */ = {isa = PBXFileReference; lastKnownFileType = sourcecode.swift; path = LocalizableString.swift; sourceTree = "<group>"; };
		69BBE1A323491EE700597DE1 /* en */ = {isa = PBXFileReference; lastKnownFileType = text.plist.strings; name = en; path = en.lproj/Localizable.strings; sourceTree = "<group>"; };
		69BBE1A523491EEB00597DE1 /* es */ = {isa = PBXFileReference; lastKnownFileType = text.plist.strings; name = es; path = es.lproj/Localizable.strings; sourceTree = "<group>"; };
		69BBE1A723491FB800597DE1 /* Coordinator.swift */ = {isa = PBXFileReference; lastKnownFileType = sourcecode.swift; path = Coordinator.swift; sourceTree = "<group>"; };
		69BBE1A923491FD100597DE1 /* AppCoordinator.swift */ = {isa = PBXFileReference; lastKnownFileType = sourcecode.swift; path = AppCoordinator.swift; sourceTree = "<group>"; };
		69BBE1AE2349210C00597DE1 /* BrowserViewController.swift */ = {isa = PBXFileReference; lastKnownFileType = sourcecode.swift; path = BrowserViewController.swift; sourceTree = "<group>"; };
		69BBE1B22349211800597DE1 /* BrowserCoordinator.swift */ = {isa = PBXFileReference; lastKnownFileType = sourcecode.swift; path = BrowserCoordinator.swift; sourceTree = "<group>"; };
		69BBE1B42349212300597DE1 /* LoginCoordinator.swift */ = {isa = PBXFileReference; lastKnownFileType = sourcecode.swift; path = LoginCoordinator.swift; sourceTree = "<group>"; };
		69BBE1B923492B5C00597DE1 /* LoginViewController.swift */ = {isa = PBXFileReference; lastKnownFileType = sourcecode.swift; path = LoginViewController.swift; sourceTree = "<group>"; };
		69BBE1BD2349320B00597DE1 /* LoginViewModel.swift */ = {isa = PBXFileReference; lastKnownFileType = sourcecode.swift; path = LoginViewModel.swift; sourceTree = "<group>"; };
		69BBE1C023493E9C00597DE1 /* ServiceClient.swift */ = {isa = PBXFileReference; lastKnownFileType = sourcecode.swift; path = ServiceClient.swift; sourceTree = "<group>"; };
		69BBE1C223493F4D00597DE1 /* BrowserViewModel.swift */ = {isa = PBXFileReference; lastKnownFileType = sourcecode.swift; path = BrowserViewModel.swift; sourceTree = "<group>"; };
		6C591E020455C7F475119352 /* Pods-DropboxTestTests.debug.xcconfig */ = {isa = PBXFileReference; includeInIndex = 1; lastKnownFileType = text.xcconfig; name = "Pods-DropboxTestTests.debug.xcconfig"; path = "Target Support Files/Pods-DropboxTestTests/Pods-DropboxTestTests.debug.xcconfig"; sourceTree = "<group>"; };
		717D48D65DD8BE5F1E59F482 /* Pods-DropboxTest.debug.xcconfig */ = {isa = PBXFileReference; includeInIndex = 1; lastKnownFileType = text.xcconfig; name = "Pods-DropboxTest.debug.xcconfig"; path = "Target Support Files/Pods-DropboxTest/Pods-DropboxTest.debug.xcconfig"; sourceTree = "<group>"; };
		AE02661155FD1010743D6A6C /* Pods_DropboxTest.framework */ = {isa = PBXFileReference; explicitFileType = wrapper.framework; includeInIndex = 0; path = Pods_DropboxTest.framework; sourceTree = BUILT_PRODUCTS_DIR; };
		FD2310959E838D6AE72281ED /* Pods-DropboxTestTests.release.xcconfig */ = {isa = PBXFileReference; includeInIndex = 1; lastKnownFileType = text.xcconfig; name = "Pods-DropboxTestTests.release.xcconfig"; path = "Target Support Files/Pods-DropboxTestTests/Pods-DropboxTestTests.release.xcconfig"; sourceTree = "<group>"; };
/* End PBXFileReference section */

/* Begin PBXFrameworksBuildPhase section */
		69BBE1632348F9D500597DE1 /* Frameworks */ = {
			isa = PBXFrameworksBuildPhase;
			buildActionMask = 2147483647;
			files = (
				432DF4A9188653A4C7E7CD47 /* Pods_DropboxTest.framework in Frameworks */,
			);
			runOnlyForDeploymentPostprocessing = 0;
		};
		69BBE1772348F9D700597DE1 /* Frameworks */ = {
			isa = PBXFrameworksBuildPhase;
			buildActionMask = 2147483647;
			files = (
				3E0582E8E711E294A0EBD3B3 /* Pods_DropboxTestTests.framework in Frameworks */,
			);
			runOnlyForDeploymentPostprocessing = 0;
		};
/* End PBXFrameworksBuildPhase section */

/* Begin PBXGroup section */
		6981484E234946E2008BD841 /* Style */ = {
			isa = PBXGroup;
			children = (
				6981484F234946EC008BD841 /* AppStyle.swift */,
				69814851234946FC008BD841 /* ColorPalette.swift */,
			);
			path = Style;
			sourceTree = "<group>";
		};
		6981485323494866008BD841 /* Extensions */ = {
			isa = PBXGroup;
			children = (
				6981485423494873008BD841 /* UIView+Utils.swift */,
			);
			path = Extensions;
			sourceTree = "<group>";
		};
		69BBE15D2348F9D500597DE1 = {
			isa = PBXGroup;
			children = (
				69BBE1682348F9D500597DE1 /* DropboxTest */,
				69BBE17D2348F9D700597DE1 /* DropboxTestTests */,
				69BBE1672348F9D500597DE1 /* Products */,
				8746A540A458EBB8FAEAFC75 /* Pods */,
				6D6E9B807E9038E94EDDA390 /* Frameworks */,
			);
			sourceTree = "<group>";
		};
		69BBE1672348F9D500597DE1 /* Products */ = {
			isa = PBXGroup;
			children = (
				69BBE1662348F9D500597DE1 /* DropboxTest.app */,
				69BBE17A2348F9D700597DE1 /* DropboxTestTests.xctest */,
			);
			name = Products;
			sourceTree = "<group>";
		};
		69BBE1682348F9D500597DE1 /* DropboxTest */ = {
			isa = PBXGroup;
			children = (
				69BBE1692348F9D500597DE1 /* AppDelegate.swift */,
				69BBE18A2349107900597DE1 /* App */,
				69BBE18B2349109200597DE1 /* Assets */,
				69BBE1892349104F00597DE1 /* Supporting Files */,
			);
			path = DropboxTest;
			sourceTree = "<group>";
		};
		69BBE17D2348F9D700597DE1 /* DropboxTestTests */ = {
			isa = PBXGroup;
			children = (
				69BBE17E2348F9D700597DE1 /* DropboxTestTests.swift */,
				69BBE1802348F9D700597DE1 /* Info.plist */,
			);
			path = DropboxTestTests;
			sourceTree = "<group>";
		};
		69BBE1892349104F00597DE1 /* Supporting Files */ = {
			isa = PBXGroup;
			children = (
				69BBE1722348F9D700597DE1 /* LaunchScreen.storyboard */,
				69BBE1752348F9D700597DE1 /* Info.plist */,
			);
			name = "Supporting Files";
			sourceTree = "<group>";
		};
		69BBE18A2349107900597DE1 /* App */ = {
			isa = PBXGroup;
			children = (
				69BBE1A623491FAB00597DE1 /* Coordinator */,
				69BBE199234911D000597DE1 /* Flows */,
				69BBE1952349118300597DE1 /* Utils */,
			);
			path = App;
			sourceTree = "<group>";
		};
		69BBE18B2349109200597DE1 /* Assets */ = {
			isa = PBXGroup;
			children = (
				69BBE1702348F9D700597DE1 /* Assets.xcassets */,
				69BBE1A423491EE700597DE1 /* Localizable.strings */,
			);
			path = Assets;
			sourceTree = "<group>";
		};
		69BBE1952349118300597DE1 /* Utils */ = {
			isa = PBXGroup;
			children = (
				6981485323494866008BD841 /* Extensions */,
				6981484E234946E2008BD841 /* Style */,
				69BBE1BF23493E8D00597DE1 /* Network */,
				69BBE198234911C800597DE1 /* Localizable */,
			);
			path = Utils;
			sourceTree = "<group>";
		};
		69BBE198234911C800597DE1 /* Localizable */ = {
			isa = PBXGroup;
			children = (
				69BBE1962349119200597DE1 /* LocalizableString.swift */,
			);
			path = Localizable;
			sourceTree = "<group>";
		};
		69BBE199234911D000597DE1 /* Flows */ = {
			isa = PBXGroup;
			children = (
				69BBE19D23491DBA00597DE1 /* Main */,
				69BBE1A023491DDA00597DE1 /* Login */,
				69BBE1A123491DE500597DE1 /* Browser */,
			);
			path = Flows;
			sourceTree = "<group>";
		};
		69BBE19D23491DBA00597DE1 /* Main */ = {
			isa = PBXGroup;
			children = (
				69BBE1A923491FD100597DE1 /* AppCoordinator.swift */,
			);
			path = Main;
			sourceTree = "<group>";
		};
		69BBE1A023491DDA00597DE1 /* Login */ = {
			isa = PBXGroup;
			children = (
				69BBE1B42349212300597DE1 /* LoginCoordinator.swift */,
				69BBE1B72349214000597DE1 /* Flow */,
				69BBE1B62349212B00597DE1 /* View */,
			);
			path = Login;
			sourceTree = "<group>";
		};
		69BBE1A123491DE500597DE1 /* Browser */ = {
			isa = PBXGroup;
			children = (
				69BBE1B22349211800597DE1 /* BrowserCoordinator.swift */,
				69BBE1B82349214500597DE1 /* Flow */,
				69BBE1AD234920FA00597DE1 /* View */,
			);
			path = Browser;
			sourceTree = "<group>";
		};
		69BBE1A623491FAB00597DE1 /* Coordinator */ = {
			isa = PBXGroup;
			children = (
				69BBE1A723491FB800597DE1 /* Coordinator.swift */,
			);
			path = Coordinator;
			sourceTree = "<group>";
		};
		69BBE1AD234920FA00597DE1 /* View */ = {
			isa = PBXGroup;
			children = (
				69BBE1AE2349210C00597DE1 /* BrowserViewController.swift */,
			);
			path = View;
			sourceTree = "<group>";
		};
		69BBE1B62349212B00597DE1 /* View */ = {
			isa = PBXGroup;
			children = (
				69BBE1B923492B5C00597DE1 /* LoginViewController.swift */,
			);
			path = View;
			sourceTree = "<group>";
		};
		69BBE1B72349214000597DE1 /* Flow */ = {
			isa = PBXGroup;
			children = (
				69BBE1BD2349320B00597DE1 /* LoginViewModel.swift */,
			);
			path = Flow;
			sourceTree = "<group>";
		};
		69BBE1B82349214500597DE1 /* Flow */ = {
			isa = PBXGroup;
			children = (
				69BBE1C223493F4D00597DE1 /* BrowserViewModel.swift */,
			);
			path = Flow;
			sourceTree = "<group>";
		};
		69BBE1BF23493E8D00597DE1 /* Network */ = {
			isa = PBXGroup;
			children = (
				69BBE1C023493E9C00597DE1 /* ServiceClient.swift */,
			);
			path = Network;
			sourceTree = "<group>";
		};
		6D6E9B807E9038E94EDDA390 /* Frameworks */ = {
			isa = PBXGroup;
			children = (
				AE02661155FD1010743D6A6C /* Pods_DropboxTest.framework */,
				0A20657F16EE06767FB0853C /* Pods_DropboxTestTests.framework */,
			);
			name = Frameworks;
			sourceTree = "<group>";
		};
		8746A540A458EBB8FAEAFC75 /* Pods */ = {
			isa = PBXGroup;
			children = (
				717D48D65DD8BE5F1E59F482 /* Pods-DropboxTest.debug.xcconfig */,
				6653A82CA47A6D359AB37045 /* Pods-DropboxTest.release.xcconfig */,
				6C591E020455C7F475119352 /* Pods-DropboxTestTests.debug.xcconfig */,
				FD2310959E838D6AE72281ED /* Pods-DropboxTestTests.release.xcconfig */,
			);
			path = Pods;
			sourceTree = "<group>";
		};
/* End PBXGroup section */

/* Begin PBXNativeTarget section */
		69BBE1652348F9D500597DE1 /* DropboxTest */ = {
			isa = PBXNativeTarget;
			buildConfigurationList = 69BBE1832348F9D700597DE1 /* Build configuration list for PBXNativeTarget "DropboxTest" */;
			buildPhases = (
				2552AFA99F3F20DFB2258736 /* [CP] Check Pods Manifest.lock */,
				69BBE1622348F9D500597DE1 /* Sources */,
				69BBE1632348F9D500597DE1 /* Frameworks */,
				69BBE1642348F9D500597DE1 /* Resources */,
				572EE9C8555D30593B998AEB /* [CP] Embed Pods Frameworks */,
			);
			buildRules = (
			);
			dependencies = (
			);
			name = DropboxTest;
			productName = DropboxTest;
			productReference = 69BBE1662348F9D500597DE1 /* DropboxTest.app */;
			productType = "com.apple.product-type.application";
		};
		69BBE1792348F9D700597DE1 /* DropboxTestTests */ = {
			isa = PBXNativeTarget;
			buildConfigurationList = 69BBE1862348F9D700597DE1 /* Build configuration list for PBXNativeTarget "DropboxTestTests" */;
			buildPhases = (
				6730327ABB907455C42B732B /* [CP] Check Pods Manifest.lock */,
				69BBE1762348F9D700597DE1 /* Sources */,
				69BBE1772348F9D700597DE1 /* Frameworks */,
				69BBE1782348F9D700597DE1 /* Resources */,
				C6910D394598A72466712EB7 /* [CP] Embed Pods Frameworks */,
			);
			buildRules = (
			);
			dependencies = (
				69BBE17C2348F9D700597DE1 /* PBXTargetDependency */,
			);
			name = DropboxTestTests;
			productName = DropboxTestTests;
			productReference = 69BBE17A2348F9D700597DE1 /* DropboxTestTests.xctest */;
			productType = "com.apple.product-type.bundle.unit-test";
		};
/* End PBXNativeTarget section */

/* Begin PBXProject section */
		69BBE15E2348F9D500597DE1 /* Project object */ = {
			isa = PBXProject;
			attributes = {
				LastSwiftUpdateCheck = 1030;
				LastUpgradeCheck = 1030;
				ORGANIZATIONNAME = "Arturo Murillo";
				TargetAttributes = {
					69BBE1652348F9D500597DE1 = {
						CreatedOnToolsVersion = 10.3;
					};
					69BBE1792348F9D700597DE1 = {
						CreatedOnToolsVersion = 10.3;
						TestTargetID = 69BBE1652348F9D500597DE1;
					};
				};
			};
			buildConfigurationList = 69BBE1612348F9D500597DE1 /* Build configuration list for PBXProject "DropboxTest" */;
			compatibilityVersion = "Xcode 9.3";
			developmentRegion = en;
			hasScannedForEncodings = 0;
			knownRegions = (
				en,
				Base,
				es,
			);
			mainGroup = 69BBE15D2348F9D500597DE1;
			productRefGroup = 69BBE1672348F9D500597DE1 /* Products */;
			projectDirPath = "";
			projectRoot = "";
			targets = (
				69BBE1652348F9D500597DE1 /* DropboxTest */,
				69BBE1792348F9D700597DE1 /* DropboxTestTests */,
			);
		};
/* End PBXProject section */

/* Begin PBXResourcesBuildPhase section */
		69BBE1642348F9D500597DE1 /* Resources */ = {
			isa = PBXResourcesBuildPhase;
			buildActionMask = 2147483647;
			files = (
				69BBE1742348F9D700597DE1 /* LaunchScreen.storyboard in Resources */,
				69BBE1A223491EE700597DE1 /* Localizable.strings in Resources */,
				69BBE1712348F9D700597DE1 /* Assets.xcassets in Resources */,
			);
			runOnlyForDeploymentPostprocessing = 0;
		};
		69BBE1782348F9D700597DE1 /* Resources */ = {
			isa = PBXResourcesBuildPhase;
			buildActionMask = 2147483647;
			files = (
			);
			runOnlyForDeploymentPostprocessing = 0;
		};
/* End PBXResourcesBuildPhase section */

/* Begin PBXShellScriptBuildPhase section */
		2552AFA99F3F20DFB2258736 /* [CP] Check Pods Manifest.lock */ = {
			isa = PBXShellScriptBuildPhase;
			buildActionMask = 2147483647;
			files = (
			);
			inputFileListPaths = (
			);
			inputPaths = (
				"${PODS_PODFILE_DIR_PATH}/Podfile.lock",
				"${PODS_ROOT}/Manifest.lock",
			);
			name = "[CP] Check Pods Manifest.lock";
			outputFileListPaths = (
			);
			outputPaths = (
				"$(DERIVED_FILE_DIR)/Pods-DropboxTest-checkManifestLockResult.txt",
			);
			runOnlyForDeploymentPostprocessing = 0;
			shellPath = /bin/sh;
			shellScript = "diff \"${PODS_PODFILE_DIR_PATH}/Podfile.lock\" \"${PODS_ROOT}/Manifest.lock\" > /dev/null\nif [ $? != 0 ] ; then\n    # print error to STDERR\n    echo \"error: The sandbox is not in sync with the Podfile.lock. Run 'pod install' or update your CocoaPods installation.\" >&2\n    exit 1\nfi\n# This output is used by Xcode 'outputs' to avoid re-running this script phase.\necho \"SUCCESS\" > \"${SCRIPT_OUTPUT_FILE_0}\"\n";
			showEnvVarsInLog = 0;
		};
		572EE9C8555D30593B998AEB /* [CP] Embed Pods Frameworks */ = {
			isa = PBXShellScriptBuildPhase;
			buildActionMask = 2147483647;
			files = (
			);
			inputFileListPaths = (
				"${PODS_ROOT}/Target Support Files/Pods-DropboxTest/Pods-DropboxTest-frameworks-${CONFIGURATION}-input-files.xcfilelist",
			);
			name = "[CP] Embed Pods Frameworks";
			outputFileListPaths = (
				"${PODS_ROOT}/Target Support Files/Pods-DropboxTest/Pods-DropboxTest-frameworks-${CONFIGURATION}-output-files.xcfilelist",
			);
			runOnlyForDeploymentPostprocessing = 0;
			shellPath = /bin/sh;
			shellScript = "\"${PODS_ROOT}/Target Support Files/Pods-DropboxTest/Pods-DropboxTest-frameworks.sh\"\n";
			showEnvVarsInLog = 0;
		};
		6730327ABB907455C42B732B /* [CP] Check Pods Manifest.lock */ = {
			isa = PBXShellScriptBuildPhase;
			buildActionMask = 2147483647;
			files = (
			);
			inputFileListPaths = (
			);
			inputPaths = (
				"${PODS_PODFILE_DIR_PATH}/Podfile.lock",
				"${PODS_ROOT}/Manifest.lock",
			);
			name = "[CP] Check Pods Manifest.lock";
			outputFileListPaths = (
			);
			outputPaths = (
				"$(DERIVED_FILE_DIR)/Pods-DropboxTestTests-checkManifestLockResult.txt",
			);
			runOnlyForDeploymentPostprocessing = 0;
			shellPath = /bin/sh;
			shellScript = "diff \"${PODS_PODFILE_DIR_PATH}/Podfile.lock\" \"${PODS_ROOT}/Manifest.lock\" > /dev/null\nif [ $? != 0 ] ; then\n    # print error to STDERR\n    echo \"error: The sandbox is not in sync with the Podfile.lock. Run 'pod install' or update your CocoaPods installation.\" >&2\n    exit 1\nfi\n# This output is used by Xcode 'outputs' to avoid re-running this script phase.\necho \"SUCCESS\" > \"${SCRIPT_OUTPUT_FILE_0}\"\n";
			showEnvVarsInLog = 0;
		};
		C6910D394598A72466712EB7 /* [CP] Embed Pods Frameworks */ = {
			isa = PBXShellScriptBuildPhase;
			buildActionMask = 2147483647;
			files = (
			);
			inputFileListPaths = (
				"${PODS_ROOT}/Target Support Files/Pods-DropboxTestTests/Pods-DropboxTestTests-frameworks-${CONFIGURATION}-input-files.xcfilelist",
			);
			name = "[CP] Embed Pods Frameworks";
			outputFileListPaths = (
				"${PODS_ROOT}/Target Support Files/Pods-DropboxTestTests/Pods-DropboxTestTests-frameworks-${CONFIGURATION}-output-files.xcfilelist",
			);
			runOnlyForDeploymentPostprocessing = 0;
			shellPath = /bin/sh;
			shellScript = "\"${PODS_ROOT}/Target Support Files/Pods-DropboxTestTests/Pods-DropboxTestTests-frameworks.sh\"\n";
			showEnvVarsInLog = 0;
		};
/* End PBXShellScriptBuildPhase section */

/* Begin PBXSourcesBuildPhase section */
		69BBE1622348F9D500597DE1 /* Sources */ = {
			isa = PBXSourcesBuildPhase;
			buildActionMask = 2147483647;
			files = (
				69BBE1C123493E9C00597DE1 /* ServiceClient.swift in Sources */,
				69BBE1A823491FB800597DE1 /* Coordinator.swift in Sources */,
				6981485523494873008BD841 /* UIView+Utils.swift in Sources */,
				69BBE1B32349211800597DE1 /* BrowserCoordinator.swift in Sources */,
				69814850234946EC008BD841 /* AppStyle.swift in Sources */,
				69BBE1C323493F4D00597DE1 /* BrowserViewModel.swift in Sources */,
				69BBE1B52349212300597DE1 /* LoginCoordinator.swift in Sources */,
				69BBE1AA23491FD100597DE1 /* AppCoordinator.swift in Sources */,
				69BBE1BB23492B5C00597DE1 /* LoginViewController.swift in Sources */,
				69BBE1B02349210C00597DE1 /* BrowserViewController.swift in Sources */,
				69814852234946FC008BD841 /* ColorPalette.swift in Sources */,
				69BBE16A2348F9D500597DE1 /* AppDelegate.swift in Sources */,
				69BBE1972349119200597DE1 /* LocalizableString.swift in Sources */,
				69BBE1BE2349320B00597DE1 /* LoginViewModel.swift in Sources */,
			);
			runOnlyForDeploymentPostprocessing = 0;
		};
		69BBE1762348F9D700597DE1 /* Sources */ = {
			isa = PBXSourcesBuildPhase;
			buildActionMask = 2147483647;
			files = (
				69BBE17F2348F9D700597DE1 /* DropboxTestTests.swift in Sources */,
			);
			runOnlyForDeploymentPostprocessing = 0;
		};
/* End PBXSourcesBuildPhase section */

/* Begin PBXTargetDependency section */
		69BBE17C2348F9D700597DE1 /* PBXTargetDependency */ = {
			isa = PBXTargetDependency;
			target = 69BBE1652348F9D500597DE1 /* DropboxTest */;
			targetProxy = 69BBE17B2348F9D700597DE1 /* PBXContainerItemProxy */;
		};
/* End PBXTargetDependency section */

/* Begin PBXVariantGroup section */
		69BBE1722348F9D700597DE1 /* LaunchScreen.storyboard */ = {
			isa = PBXVariantGroup;
			children = (
				69BBE1732348F9D700597DE1 /* Base */,
				69BBE1922349113F00597DE1 /* es */,
				69BBE1942349114100597DE1 /* en */,
			);
			name = LaunchScreen.storyboard;
			sourceTree = "<group>";
		};
		69BBE1A423491EE700597DE1 /* Localizable.strings */ = {
			isa = PBXVariantGroup;
			children = (
				69BBE1A323491EE700597DE1 /* en */,
				69BBE1A523491EEB00597DE1 /* es */,
			);
			name = Localizable.strings;
			sourceTree = "<group>";
		};
/* End PBXVariantGroup section */

/* Begin XCBuildConfiguration section */
		69BBE1812348F9D700597DE1 /* Debug */ = {
			isa = XCBuildConfiguration;
			buildSettings = {
				ALWAYS_SEARCH_USER_PATHS = NO;
				CLANG_ANALYZER_LOCALIZABILITY_NONLOCALIZED = YES;
				CLANG_ANALYZER_NONNULL = YES;
				CLANG_ANALYZER_NUMBER_OBJECT_CONVERSION = YES_AGGRESSIVE;
				CLANG_CXX_LANGUAGE_STANDARD = "gnu++14";
				CLANG_CXX_LIBRARY = "libc++";
				CLANG_ENABLE_MODULES = YES;
				CLANG_ENABLE_OBJC_ARC = YES;
				CLANG_ENABLE_OBJC_WEAK = YES;
				CLANG_WARN_BLOCK_CAPTURE_AUTORELEASING = YES;
				CLANG_WARN_BOOL_CONVERSION = YES;
				CLANG_WARN_COMMA = YES;
				CLANG_WARN_CONSTANT_CONVERSION = YES;
				CLANG_WARN_DEPRECATED_OBJC_IMPLEMENTATIONS = YES;
				CLANG_WARN_DIRECT_OBJC_ISA_USAGE = YES_ERROR;
				CLANG_WARN_DOCUMENTATION_COMMENTS = YES;
				CLANG_WARN_EMPTY_BODY = YES;
				CLANG_WARN_ENUM_CONVERSION = YES;
				CLANG_WARN_INFINITE_RECURSION = YES;
				CLANG_WARN_INT_CONVERSION = YES;
				CLANG_WARN_NON_LITERAL_NULL_CONVERSION = YES;
				CLANG_WARN_OBJC_IMPLICIT_RETAIN_SELF = YES;
				CLANG_WARN_OBJC_LITERAL_CONVERSION = YES;
				CLANG_WARN_OBJC_ROOT_CLASS = YES_ERROR;
				CLANG_WARN_RANGE_LOOP_ANALYSIS = YES;
				CLANG_WARN_STRICT_PROTOTYPES = YES;
				CLANG_WARN_SUSPICIOUS_MOVE = YES;
				CLANG_WARN_UNGUARDED_AVAILABILITY = YES_AGGRESSIVE;
				CLANG_WARN_UNREACHABLE_CODE = YES;
				CLANG_WARN__DUPLICATE_METHOD_MATCH = YES;
				CODE_SIGN_IDENTITY = "iPhone Developer";
				COPY_PHASE_STRIP = NO;
				DEBUG_INFORMATION_FORMAT = dwarf;
				ENABLE_STRICT_OBJC_MSGSEND = YES;
				ENABLE_TESTABILITY = YES;
				GCC_C_LANGUAGE_STANDARD = gnu11;
				GCC_DYNAMIC_NO_PIC = NO;
				GCC_NO_COMMON_BLOCKS = YES;
				GCC_OPTIMIZATION_LEVEL = 0;
				GCC_PREPROCESSOR_DEFINITIONS = (
					"DEBUG=1",
					"$(inherited)",
				);
				GCC_WARN_64_TO_32_BIT_CONVERSION = YES;
				GCC_WARN_ABOUT_RETURN_TYPE = YES_ERROR;
				GCC_WARN_UNDECLARED_SELECTOR = YES;
				GCC_WARN_UNINITIALIZED_AUTOS = YES_AGGRESSIVE;
				GCC_WARN_UNUSED_FUNCTION = YES;
				GCC_WARN_UNUSED_VARIABLE = YES;
				IPHONEOS_DEPLOYMENT_TARGET = 12.4;
				MTL_ENABLE_DEBUG_INFO = INCLUDE_SOURCE;
				MTL_FAST_MATH = YES;
				ONLY_ACTIVE_ARCH = YES;
				SDKROOT = iphoneos;
				SWIFT_ACTIVE_COMPILATION_CONDITIONS = DEBUG;
				SWIFT_OPTIMIZATION_LEVEL = "-Onone";
			};
			name = Debug;
		};
		69BBE1822348F9D700597DE1 /* Release */ = {
			isa = XCBuildConfiguration;
			buildSettings = {
				ALWAYS_SEARCH_USER_PATHS = NO;
				CLANG_ANALYZER_LOCALIZABILITY_NONLOCALIZED = YES;
				CLANG_ANALYZER_NONNULL = YES;
				CLANG_ANALYZER_NUMBER_OBJECT_CONVERSION = YES_AGGRESSIVE;
				CLANG_CXX_LANGUAGE_STANDARD = "gnu++14";
				CLANG_CXX_LIBRARY = "libc++";
				CLANG_ENABLE_MODULES = YES;
				CLANG_ENABLE_OBJC_ARC = YES;
				CLANG_ENABLE_OBJC_WEAK = YES;
				CLANG_WARN_BLOCK_CAPTURE_AUTORELEASING = YES;
				CLANG_WARN_BOOL_CONVERSION = YES;
				CLANG_WARN_COMMA = YES;
				CLANG_WARN_CONSTANT_CONVERSION = YES;
				CLANG_WARN_DEPRECATED_OBJC_IMPLEMENTATIONS = YES;
				CLANG_WARN_DIRECT_OBJC_ISA_USAGE = YES_ERROR;
				CLANG_WARN_DOCUMENTATION_COMMENTS = YES;
				CLANG_WARN_EMPTY_BODY = YES;
				CLANG_WARN_ENUM_CONVERSION = YES;
				CLANG_WARN_INFINITE_RECURSION = YES;
				CLANG_WARN_INT_CONVERSION = YES;
				CLANG_WARN_NON_LITERAL_NULL_CONVERSION = YES;
				CLANG_WARN_OBJC_IMPLICIT_RETAIN_SELF = YES;
				CLANG_WARN_OBJC_LITERAL_CONVERSION = YES;
				CLANG_WARN_OBJC_ROOT_CLASS = YES_ERROR;
				CLANG_WARN_RANGE_LOOP_ANALYSIS = YES;
				CLANG_WARN_STRICT_PROTOTYPES = YES;
				CLANG_WARN_SUSPICIOUS_MOVE = YES;
				CLANG_WARN_UNGUARDED_AVAILABILITY = YES_AGGRESSIVE;
				CLANG_WARN_UNREACHABLE_CODE = YES;
				CLANG_WARN__DUPLICATE_METHOD_MATCH = YES;
				CODE_SIGN_IDENTITY = "iPhone Developer";
				COPY_PHASE_STRIP = NO;
				DEBUG_INFORMATION_FORMAT = "dwarf-with-dsym";
				ENABLE_NS_ASSERTIONS = NO;
				ENABLE_STRICT_OBJC_MSGSEND = YES;
				GCC_C_LANGUAGE_STANDARD = gnu11;
				GCC_NO_COMMON_BLOCKS = YES;
				GCC_WARN_64_TO_32_BIT_CONVERSION = YES;
				GCC_WARN_ABOUT_RETURN_TYPE = YES_ERROR;
				GCC_WARN_UNDECLARED_SELECTOR = YES;
				GCC_WARN_UNINITIALIZED_AUTOS = YES_AGGRESSIVE;
				GCC_WARN_UNUSED_FUNCTION = YES;
				GCC_WARN_UNUSED_VARIABLE = YES;
				IPHONEOS_DEPLOYMENT_TARGET = 12.4;
				MTL_ENABLE_DEBUG_INFO = NO;
				MTL_FAST_MATH = YES;
				SDKROOT = iphoneos;
				SWIFT_COMPILATION_MODE = wholemodule;
				SWIFT_OPTIMIZATION_LEVEL = "-O";
				VALIDATE_PRODUCT = YES;
			};
			name = Release;
		};
		69BBE1842348F9D700597DE1 /* Debug */ = {
			isa = XCBuildConfiguration;
			baseConfigurationReference = 717D48D65DD8BE5F1E59F482 /* Pods-DropboxTest.debug.xcconfig */;
			buildSettings = {
				ASSETCATALOG_COMPILER_APPICON_NAME = AppIcon;
				CODE_SIGN_STYLE = Automatic;
				DEVELOPMENT_TEAM = B3SB5YQVD6;
				INFOPLIST_FILE = DropboxTest/Info.plist;
				IPHONEOS_DEPLOYMENT_TARGET = 11.0;
				LD_RUNPATH_SEARCH_PATHS = (
					"$(inherited)",
					"@executable_path/Frameworks",
				);
				PRODUCT_BUNDLE_IDENTIFIER = AM.DropboxTest;
				PRODUCT_NAME = "$(TARGET_NAME)";
				SWIFT_VERSION = 5.0;
				TARGETED_DEVICE_FAMILY = "1,2";
			};
			name = Debug;
		};
		69BBE1852348F9D700597DE1 /* Release */ = {
			isa = XCBuildConfiguration;
			baseConfigurationReference = 6653A82CA47A6D359AB37045 /* Pods-DropboxTest.release.xcconfig */;
			buildSettings = {
				ASSETCATALOG_COMPILER_APPICON_NAME = AppIcon;
				CODE_SIGN_STYLE = Automatic;
				DEVELOPMENT_TEAM = B3SB5YQVD6;
				INFOPLIST_FILE = DropboxTest/Info.plist;
				IPHONEOS_DEPLOYMENT_TARGET = 11.0;
				LD_RUNPATH_SEARCH_PATHS = (
					"$(inherited)",
					"@executable_path/Frameworks",
				);
				PRODUCT_BUNDLE_IDENTIFIER = AM.DropboxTest;
				PRODUCT_NAME = "$(TARGET_NAME)";
				SWIFT_VERSION = 5.0;
				TARGETED_DEVICE_FAMILY = "1,2";
			};
			name = Release;
		};
		69BBE1872348F9D700597DE1 /* Debug */ = {
			isa = XCBuildConfiguration;
			baseConfigurationReference = 6C591E020455C7F475119352 /* Pods-DropboxTestTests.debug.xcconfig */;
			buildSettings = {
				ALWAYS_EMBED_SWIFT_STANDARD_LIBRARIES = YES;
				BUNDLE_LOADER = "$(TEST_HOST)";
				CODE_SIGN_STYLE = Automatic;
				DEVELOPMENT_TEAM = B3SB5YQVD6;
				INFOPLIST_FILE = DropboxTestTests/Info.plist;
				LD_RUNPATH_SEARCH_PATHS = (
					"$(inherited)",
					"@executable_path/Frameworks",
					"@loader_path/Frameworks",
				);
				PRODUCT_BUNDLE_IDENTIFIER = AM.DropboxTestTests;
				PRODUCT_NAME = "$(TARGET_NAME)";
				SWIFT_VERSION = 5.0;
				TARGETED_DEVICE_FAMILY = "1,2";
				TEST_HOST = "$(BUILT_PRODUCTS_DIR)/DropboxTest.app/DropboxTest";
			};
			name = Debug;
		};
		69BBE1882348F9D700597DE1 /* Release */ = {
			isa = XCBuildConfiguration;
			baseConfigurationReference = FD2310959E838D6AE72281ED /* Pods-DropboxTestTests.release.xcconfig */;
			buildSettings = {
				ALWAYS_EMBED_SWIFT_STANDARD_LIBRARIES = YES;
				BUNDLE_LOADER = "$(TEST_HOST)";
				CODE_SIGN_STYLE = Automatic;
				DEVELOPMENT_TEAM = B3SB5YQVD6;
				INFOPLIST_FILE = DropboxTestTests/Info.plist;
				LD_RUNPATH_SEARCH_PATHS = (
					"$(inherited)",
					"@executable_path/Frameworks",
					"@loader_path/Frameworks",
				);
				PRODUCT_BUNDLE_IDENTIFIER = AM.DropboxTestTests;
				PRODUCT_NAME = "$(TARGET_NAME)";
				SWIFT_VERSION = 5.0;
				TARGETED_DEVICE_FAMILY = "1,2";
				TEST_HOST = "$(BUILT_PRODUCTS_DIR)/DropboxTest.app/DropboxTest";
			};
			name = Release;
		};
/* End XCBuildConfiguration section */

/* Begin XCConfigurationList section */
		69BBE1612348F9D500597DE1 /* Build configuration list for PBXProject "DropboxTest" */ = {
			isa = XCConfigurationList;
			buildConfigurations = (
				69BBE1812348F9D700597DE1 /* Debug */,
				69BBE1822348F9D700597DE1 /* Release */,
			);
			defaultConfigurationIsVisible = 0;
			defaultConfigurationName = Release;
		};
		69BBE1832348F9D700597DE1 /* Build configuration list for PBXNativeTarget "DropboxTest" */ = {
			isa = XCConfigurationList;
			buildConfigurations = (
				69BBE1842348F9D700597DE1 /* Debug */,
				69BBE1852348F9D700597DE1 /* Release */,
			);
			defaultConfigurationIsVisible = 0;
			defaultConfigurationName = Release;
		};
		69BBE1862348F9D700597DE1 /* Build configuration list for PBXNativeTarget "DropboxTestTests" */ = {
			isa = XCConfigurationList;
			buildConfigurations = (
				69BBE1872348F9D700597DE1 /* Debug */,
				69BBE1882348F9D700597DE1 /* Release */,
			);
			defaultConfigurationIsVisible = 0;
			defaultConfigurationName = Release;
		};
/* End XCConfigurationList section */
	};
	rootObject = 69BBE15E2348F9D500597DE1 /* Project object */;
}
