// !$*UTF8*$!
{
	archiveVersion = 1;
	classes = {
	};
	objectVersion = 50;
	objects = {

/* Begin PBXBuildFile section */
		5EE5D31A2509A1BA0453E097 /* libPods-DropboxTest.a in Frameworks */ = {isa = PBXBuildFile; fileRef = 3A40B9CBF3C9A45DC614DE3A /* libPods-DropboxTest.a */; };
		69BBE16A2348F9D500597DE1 /* AppDelegate.swift in Sources */ = {isa = PBXBuildFile; fileRef = 69BBE1692348F9D500597DE1 /* AppDelegate.swift */; };
		69BBE16C2348F9D500597DE1 /* ViewController.swift in Sources */ = {isa = PBXBuildFile; fileRef = 69BBE16B2348F9D500597DE1 /* ViewController.swift */; };
		69BBE16F2348F9D500597DE1 /* Main.storyboard in Resources */ = {isa = PBXBuildFile; fileRef = 69BBE16D2348F9D500597DE1 /* Main.storyboard */; };
		69BBE1712348F9D700597DE1 /* Assets.xcassets in Resources */ = {isa = PBXBuildFile; fileRef = 69BBE1702348F9D700597DE1 /* Assets.xcassets */; };
		69BBE1742348F9D700597DE1 /* LaunchScreen.storyboard in Resources */ = {isa = PBXBuildFile; fileRef = 69BBE1722348F9D700597DE1 /* LaunchScreen.storyboard */; };
		69BBE17F2348F9D700597DE1 /* DropboxTestTests.swift in Sources */ = {isa = PBXBuildFile; fileRef = 69BBE17E2348F9D700597DE1 /* DropboxTestTests.swift */; };
		6C0B2D15FE5B141CB30809D2 /* libPods-DropboxTestTests.a in Frameworks */ = {isa = PBXBuildFile; fileRef = 53B981B34DFF487DDD3FBFB9 /* libPods-DropboxTestTests.a */; };
/* End PBXBuildFile section */

/* Begin PBXContainerItemProxy section */
		69BBE17B2348F9D700597DE1 /* PBXContainerItemProxy */ = {
			isa = PBXContainerItemProxy;
			containerPortal = 69BBE15E2348F9D500597DE1 /* Project object */;
			proxyType = 1;
			remoteGlobalIDString = 69BBE1652348F9D500597DE1;
			remoteInfo = DropboxTest;
		};
/* End PBXContainerItemProxy section */

/* Begin PBXFileReference section */
		3A40B9CBF3C9A45DC614DE3A /* libPods-DropboxTest.a */ = {isa = PBXFileReference; explicitFileType = archive.ar; includeInIndex = 0; path = "libPods-DropboxTest.a"; sourceTree = BUILT_PRODUCTS_DIR; };
		53B981B34DFF487DDD3FBFB9 /* libPods-DropboxTestTests.a */ = {isa = PBXFileReference; explicitFileType = archive.ar; includeInIndex = 0; path = "libPods-DropboxTestTests.a"; sourceTree = BUILT_PRODUCTS_DIR; };
		6653A82CA47A6D359AB37045 /* Pods-DropboxTest.release.xcconfig */ = {isa = PBXFileReference; includeInIndex = 1; lastKnownFileType = text.xcconfig; name = "Pods-DropboxTest.release.xcconfig"; path = "Target Support Files/Pods-DropboxTest/Pods-DropboxTest.release.xcconfig"; sourceTree = "<group>"; };
		69BBE1662348F9D500597DE1 /* DropboxTest.app */ = {isa = PBXFileReference; explicitFileType = wrapper.application; includeInIndex = 0; path = DropboxTest.app; sourceTree = BUILT_PRODUCTS_DIR; };
		69BBE1692348F9D500597DE1 /* AppDelegate.swift */ = {isa = PBXFileReference; lastKnownFileType = sourcecode.swift; path = AppDelegate.swift; sourceTree = "<group>"; };
		69BBE16B2348F9D500597DE1 /* ViewController.swift */ = {isa = PBXFileReference; lastKnownFileType = sourcecode.swift; path = ViewController.swift; sourceTree = "<group>"; };
		69BBE16E2348F9D500597DE1 /* Base */ = {isa = PBXFileReference; lastKnownFileType = file.storyboard; name = Base; path = Base.lproj/Main.storyboard; sourceTree = "<group>"; };
		69BBE1702348F9D700597DE1 /* Assets.xcassets */ = {isa = PBXFileReference; lastKnownFileType = folder.assetcatalog; path = Assets.xcassets; sourceTree = "<group>"; };
		69BBE1732348F9D700597DE1 /* Base */ = {isa = PBXFileReference; lastKnownFileType = file.storyboard; name = Base; path = Base.lproj/LaunchScreen.storyboard; sourceTree = "<group>"; };
		69BBE1752348F9D700597DE1 /* Info.plist */ = {isa = PBXFileReference; lastKnownFileType = text.plist.xml; path = Info.plist; sourceTree = "<group>"; };
		69BBE17A2348F9D700597DE1 /* DropboxTestTests.xctest */ = {isa = PBXFileReference; explicitFileType = wrapper.cfbundle; includeInIndex = 0; path = DropboxTestTests.xctest; sourceTree = BUILT_PRODUCTS_DIR; };
		69BBE17E2348F9D700597DE1 /* DropboxTestTests.swift */ = {isa = PBXFileReference; lastKnownFileType = sourcecode.swift; path = DropboxTestTests.swift; sourceTree = "<group>"; };
		69BBE1802348F9D700597DE1 /* Info.plist */ = {isa = PBXFileReference; lastKnownFileType = text.plist.xml; path = Info.plist; sourceTree = "<group>"; };
		6C591E020455C7F475119352 /* Pods-DropboxTestTests.debug.xcconfig */ = {isa = PBXFileReference; includeInIndex = 1; lastKnownFileType = text.xcconfig; name = "Pods-DropboxTestTests.debug.xcconfig"; path = "Target Support Files/Pods-DropboxTestTests/Pods-DropboxTestTests.debug.xcconfig"; sourceTree = "<group>"; };
		717D48D65DD8BE5F1E59F482 /* Pods-DropboxTest.debug.xcconfig */ = {isa = PBXFileReference; includeInIndex = 1; lastKnownFileType = text.xcconfig; name = "Pods-DropboxTest.debug.xcconfig"; path = "Target Support Files/Pods-DropboxTest/Pods-DropboxTest.debug.xcconfig"; sourceTree = "<group>"; };
		FD2310959E838D6AE72281ED /* Pods-DropboxTestTests.release.xcconfig */ = {isa = PBXFileReference; includeInIndex = 1; lastKnownFileType = text.xcconfig; name = "Pods-DropboxTestTests.release.xcconfig"; path = "Target Support Files/Pods-DropboxTestTests/Pods-DropboxTestTests.release.xcconfig"; sourceTree = "<group>"; };
/* End PBXFileReference section */

/* Begin PBXFrameworksBuildPhase section */
		69BBE1632348F9D500597DE1 /* Frameworks */ = {
			isa = PBXFrameworksBuildPhase;
			buildActionMask = 2147483647;
			files = (
				5EE5D31A2509A1BA0453E097 /* libPods-DropboxTest.a in Frameworks */,
			);
			runOnlyForDeploymentPostprocessing = 0;
		};
		69BBE1772348F9D700597DE1 /* Frameworks */ = {
			isa = PBXFrameworksBuildPhase;
			buildActionMask = 2147483647;
			files = (
				6C0B2D15FE5B141CB30809D2 /* libPods-DropboxTestTests.a in Frameworks */,
			);
			runOnlyForDeploymentPostprocessing = 0;
		};
/* End PBXFrameworksBuildPhase section */

/* Begin PBXGroup section */
		69BBE15D2348F9D500597DE1 = {
			isa = PBXGroup;
			children = (
				69BBE1682348F9D500597DE1 /* DropboxTest */,
				69BBE17D2348F9D700597DE1 /* DropboxTestTests */,
				69BBE1672348F9D500597DE1 /* Products */,
				8746A540A458EBB8FAEAFC75 /* Pods */,
				6D6E9B807E9038E94EDDA390 /* Frameworks */,
			);
			sourceTree = "<group>";
		};
		69BBE1672348F9D500597DE1 /* Products */ = {
			isa = PBXGroup;
			children = (
				69BBE1662348F9D500597DE1 /* DropboxTest.app */,
				69BBE17A2348F9D700597DE1 /* DropboxTestTests.xctest */,
			);
			name = Products;
			sourceTree = "<group>";
		};
		69BBE1682348F9D500597DE1 /* DropboxTest */ = {
			isa = PBXGroup;
			children = (
				69BBE1692348F9D500597DE1 /* AppDelegate.swift */,
				69BBE16B2348F9D500597DE1 /* ViewController.swift */,
				69BBE16D2348F9D500597DE1 /* Main.storyboard */,
				69BBE1702348F9D700597DE1 /* Assets.xcassets */,
				69BBE1722348F9D700597DE1 /* LaunchScreen.storyboard */,
				69BBE1752348F9D700597DE1 /* Info.plist */,
			);
			path = DropboxTest;
			sourceTree = "<group>";
		};
		69BBE17D2348F9D700597DE1 /* DropboxTestTests */ = {
			isa = PBXGroup;
			children = (
				69BBE17E2348F9D700597DE1 /* DropboxTestTests.swift */,
				69BBE1802348F9D700597DE1 /* Info.plist */,
			);
			path = DropboxTestTests;
			sourceTree = "<group>";
		};
		6D6E9B807E9038E94EDDA390 /* Frameworks */ = {
			isa = PBXGroup;
			children = (
				3A40B9CBF3C9A45DC614DE3A /* libPods-DropboxTest.a */,
				53B981B34DFF487DDD3FBFB9 /* libPods-DropboxTestTests.a */,
			);
			name = Frameworks;
			sourceTree = "<group>";
		};
		8746A540A458EBB8FAEAFC75 /* Pods */ = {
			isa = PBXGroup;
			children = (
				717D48D65DD8BE5F1E59F482 /* Pods-DropboxTest.debug.xcconfig */,
				6653A82CA47A6D359AB37045 /* Pods-DropboxTest.release.xcconfig */,
				6C591E020455C7F475119352 /* Pods-DropboxTestTests.debug.xcconfig */,
				FD2310959E838D6AE72281ED /* Pods-DropboxTestTests.release.xcconfig */,
			);
			name = Pods;
			path = Pods;
			sourceTree = "<group>";
		};
/* End PBXGroup section */

/* Begin PBXNativeTarget section */
		69BBE1652348F9D500597DE1 /* DropboxTest */ = {
			isa = PBXNativeTarget;
			buildConfigurationList = 69BBE1832348F9D700597DE1 /* Build configuration list for PBXNativeTarget "DropboxTest" */;
			buildPhases = (
				2552AFA99F3F20DFB2258736 /* [CP] Check Pods Manifest.lock */,
				69BBE1622348F9D500597DE1 /* Sources */,
				69BBE1632348F9D500597DE1 /* Frameworks */,
				69BBE1642348F9D500597DE1 /* Resources */,
			);
			buildRules = (
			);
			dependencies = (
			);
			name = DropboxTest;
			productName = DropboxTest;
			productReference = 69BBE1662348F9D500597DE1 /* DropboxTest.app */;
			productType = "com.apple.product-type.application";
		};
		69BBE1792348F9D700597DE1 /* DropboxTestTests */ = {
			isa = PBXNativeTarget;
			buildConfigurationList = 69BBE1862348F9D700597DE1 /* Build configuration list for PBXNativeTarget "DropboxTestTests" */;
			buildPhases = (
				6730327ABB907455C42B732B /* [CP] Check Pods Manifest.lock */,
				69BBE1762348F9D700597DE1 /* Sources */,
				69BBE1772348F9D700597DE1 /* Frameworks */,
				69BBE1782348F9D700597DE1 /* Resources */,
			);
			buildRules = (
			);
			dependencies = (
				69BBE17C2348F9D700597DE1 /* PBXTargetDependency */,
			);
			name = DropboxTestTests;
			productName = DropboxTestTests;
			productReference = 69BBE17A2348F9D700597DE1 /* DropboxTestTests.xctest */;
			productType = "com.apple.product-type.bundle.unit-test";
		};
/* End PBXNativeTarget section */

/* Begin PBXProject section */
		69BBE15E2348F9D500597DE1 /* Project object */ = {
			isa = PBXProject;
			attributes = {
				LastSwiftUpdateCheck = 1030;
				LastUpgradeCheck = 1030;
				ORGANIZATIONNAME = "Arturo Murillo";
				TargetAttributes = {
					69BBE1652348F9D500597DE1 = {
						CreatedOnToolsVersion = 10.3;
					};
					69BBE1792348F9D700597DE1 = {
						CreatedOnToolsVersion = 10.3;
						TestTargetID = 69BBE1652348F9D500597DE1;
					};
				};
			};
			buildConfigurationList = 69BBE1612348F9D500597DE1 /* Build configuration list for PBXProject "DropboxTest" */;
			compatibilityVersion = "Xcode 9.3";
			developmentRegion = en;
			hasScannedForEncodings = 0;
			knownRegions = (
				en,
				Base,
			);
			mainGroup = 69BBE15D2348F9D500597DE1;
			productRefGroup = 69BBE1672348F9D500597DE1 /* Products */;
			projectDirPath = "";
			projectRoot = "";
			targets = (
				69BBE1652348F9D500597DE1 /* DropboxTest */,
				69BBE1792348F9D700597DE1 /* DropboxTestTests */,
			);
		};
/* End PBXProject section */

/* Begin PBXResourcesBuildPhase section */
		69BBE1642348F9D500597DE1 /* Resources */ = {
			isa = PBXResourcesBuildPhase;
			buildActionMask = 2147483647;
			files = (
				69BBE1742348F9D700597DE1 /* LaunchScreen.storyboard in Resources */,
				69BBE1712348F9D700597DE1 /* Assets.xcassets in Resources */,
				69BBE16F2348F9D500597DE1 /* Main.storyboard in Resources */,
			);
			runOnlyForDeploymentPostprocessing = 0;
		};
		69BBE1782348F9D700597DE1 /* Resources */ = {
			isa = PBXResourcesBuildPhase;
			buildActionMask = 2147483647;
			files = (
			);
			runOnlyForDeploymentPostprocessing = 0;
		};
/* End PBXResourcesBuildPhase section */

/* Begin PBXShellScriptBuildPhase section */
		2552AFA99F3F20DFB2258736 /* [CP] Check Pods Manifest.lock */ = {
			isa = PBXShellScriptBuildPhase;
			buildActionMask = 2147483647;
			files = (
			);
			inputFileListPaths = (
			);
			inputPaths = (
				"${PODS_PODFILE_DIR_PATH}/Podfile.lock",
				"${PODS_ROOT}/Manifest.lock",
			);
			name = "[CP] Check Pods Manifest.lock";
			outputFileListPaths = (
			);
			outputPaths = (
				"$(DERIVED_FILE_DIR)/Pods-DropboxTest-checkManifestLockResult.txt",
			);
			runOnlyForDeploymentPostprocessing = 0;
			shellPath = /bin/sh;
			shellScript = "diff \"${PODS_PODFILE_DIR_PATH}/Podfile.lock\" \"${PODS_ROOT}/Manifest.lock\" > /dev/null\nif [ $? != 0 ] ; then\n    # print error to STDERR\n    echo \"error: The sandbox is not in sync with the Podfile.lock. Run 'pod install' or update your CocoaPods installation.\" >&2\n    exit 1\nfi\n# This output is used by Xcode 'outputs' to avoid re-running this script phase.\necho \"SUCCESS\" > \"${SCRIPT_OUTPUT_FILE_0}\"\n";
			showEnvVarsInLog = 0;
		};
		6730327ABB907455C42B732B /* [CP] Check Pods Manifest.lock */ = {
			isa = PBXShellScriptBuildPhase;
			buildActionMask = 2147483647;
			files = (
			);
			inputFileListPaths = (
			);
			inputPaths = (
				"${PODS_PODFILE_DIR_PATH}/Podfile.lock",
				"${PODS_ROOT}/Manifest.lock",
			);
			name = "[CP] Check Pods Manifest.lock";
			outputFileListPaths = (
			);
			outputPaths = (
				"$(DERIVED_FILE_DIR)/Pods-DropboxTestTests-checkManifestLockResult.txt",
			);
			runOnlyForDeploymentPostprocessing = 0;
			shellPath = /bin/sh;
			shellScript = "diff \"${PODS_PODFILE_DIR_PATH}/Podfile.lock\" \"${PODS_ROOT}/Manifest.lock\" > /dev/null\nif [ $? != 0 ] ; then\n    # print error to STDERR\n    echo \"error: The sandbox is not in sync with the Podfile.lock. Run 'pod install' or update your CocoaPods installation.\" >&2\n    exit 1\nfi\n# This output is used by Xcode 'outputs' to avoid re-running this script phase.\necho \"SUCCESS\" > \"${SCRIPT_OUTPUT_FILE_0}\"\n";
			showEnvVarsInLog = 0;
		};
/* End PBXShellScriptBuildPhase section */

/* Begin PBXSourcesBuildPhase section */
		69BBE1622348F9D500597DE1 /* Sources */ = {
			isa = PBXSourcesBuildPhase;
			buildActionMask = 2147483647;
			files = (
				69BBE16C2348F9D500597DE1 /* ViewController.swift in Sources */,
				69BBE16A2348F9D500597DE1 /* AppDelegate.swift in Sources */,
			);
			runOnlyForDeploymentPostprocessing = 0;
		};
		69BBE1762348F9D700597DE1 /* Sources */ = {
			isa = PBXSourcesBuildPhase;
			buildActionMask = 2147483647;
			files = (
				69BBE17F2348F9D700597DE1 /* DropboxTestTests.swift in Sources */,
			);
			runOnlyForDeploymentPostprocessing = 0;
		};
/* End PBXSourcesBuildPhase section */

/* Begin PBXTargetDependency section */
		69BBE17C2348F9D700597DE1 /* PBXTargetDependency */ = {
			isa = PBXTargetDependency;
			target = 69BBE1652348F9D500597DE1 /* DropboxTest */;
			targetProxy = 69BBE17B2348F9D700597DE1 /* PBXContainerItemProxy */;
		};
/* End PBXTargetDependency section */

/* Begin PBXVariantGroup section */
		69BBE16D2348F9D500597DE1 /* Main.storyboard */ = {
			isa = PBXVariantGroup;
			children = (
				69BBE16E2348F9D500597DE1 /* Base */,
			);
			name = Main.storyboard;
			sourceTree = "<group>";
		};
		69BBE1722348F9D700597DE1 /* LaunchScreen.storyboard */ = {
			isa = PBXVariantGroup;
			children = (
				69BBE1732348F9D700597DE1 /* Base */,
			);
			name = LaunchScreen.storyboard;
			sourceTree = "<group>";
		};
/* End PBXVariantGroup section */

/* Begin XCBuildConfiguration section */
		69BBE1812348F9D700597DE1 /* Debug */ = {
			isa = XCBuildConfiguration;
			buildSettings = {
				ALWAYS_SEARCH_USER_PATHS = NO;
				CLANG_ANALYZER_NONNULL = YES;
				CLANG_ANALYZER_NUMBER_OBJECT_CONVERSION = YES_AGGRESSIVE;
				CLANG_CXX_LANGUAGE_STANDARD = "gnu++14";
				CLANG_CXX_LIBRARY = "libc++";
				CLANG_ENABLE_MODULES = YES;
				CLANG_ENABLE_OBJC_ARC = YES;
				CLANG_ENABLE_OBJC_WEAK = YES;
				CLANG_WARN_BLOCK_CAPTURE_AUTORELEASING = YES;
				CLANG_WARN_BOOL_CONVERSION = YES;
				CLANG_WARN_COMMA = YES;
				CLANG_WARN_CONSTANT_CONVERSION = YES;
				CLANG_WARN_DEPRECATED_OBJC_IMPLEMENTATIONS = YES;
				CLANG_WARN_DIRECT_OBJC_ISA_USAGE = YES_ERROR;
				CLANG_WARN_DOCUMENTATION_COMMENTS = YES;
				CLANG_WARN_EMPTY_BODY = YES;
				CLANG_WARN_ENUM_CONVERSION = YES;
				CLANG_WARN_INFINITE_RECURSION = YES;
				CLANG_WARN_INT_CONVERSION = YES;
				CLANG_WARN_NON_LITERAL_NULL_CONVERSION = YES;
				CLANG_WARN_OBJC_IMPLICIT_RETAIN_SELF = YES;
				CLANG_WARN_OBJC_LITERAL_CONVERSION = YES;
				CLANG_WARN_OBJC_ROOT_CLASS = YES_ERROR;
				CLANG_WARN_RANGE_LOOP_ANALYSIS = YES;
				CLANG_WARN_STRICT_PROTOTYPES = YES;
				CLANG_WARN_SUSPICIOUS_MOVE = YES;
				CLANG_WARN_UNGUARDED_AVAILABILITY = YES_AGGRESSIVE;
				CLANG_WARN_UNREACHABLE_CODE = YES;
				CLANG_WARN__DUPLICATE_METHOD_MATCH = YES;
				CODE_SIGN_IDENTITY = "iPhone Developer";
				COPY_PHASE_STRIP = NO;
				DEBUG_INFORMATION_FORMAT = dwarf;
				ENABLE_STRICT_OBJC_MSGSEND = YES;
				ENABLE_TESTABILITY = YES;
				GCC_C_LANGUAGE_STANDARD = gnu11;
				GCC_DYNAMIC_NO_PIC = NO;
				GCC_NO_COMMON_BLOCKS = YES;
				GCC_OPTIMIZATION_LEVEL = 0;
				GCC_PREPROCESSOR_DEFINITIONS = (
					"DEBUG=1",
					"$(inherited)",
				);
				GCC_WARN_64_TO_32_BIT_CONVERSION = YES;
				GCC_WARN_ABOUT_RETURN_TYPE = YES_ERROR;
				GCC_WARN_UNDECLARED_SELECTOR = YES;
				GCC_WARN_UNINITIALIZED_AUTOS = YES_AGGRESSIVE;
				GCC_WARN_UNUSED_FUNCTION = YES;
				GCC_WARN_UNUSED_VARIABLE = YES;
				IPHONEOS_DEPLOYMENT_TARGET = 12.4;
				MTL_ENABLE_DEBUG_INFO = INCLUDE_SOURCE;
				MTL_FAST_MATH = YES;
				ONLY_ACTIVE_ARCH = YES;
				SDKROOT = iphoneos;
				SWIFT_ACTIVE_COMPILATION_CONDITIONS = DEBUG;
				SWIFT_OPTIMIZATION_LEVEL = "-Onone";
			};
			name = Debug;
		};
		69BBE1822348F9D700597DE1 /* Release */ = {
			isa = XCBuildConfiguration;
			buildSettings = {
				ALWAYS_SEARCH_USER_PATHS = NO;
				CLANG_ANALYZER_NONNULL = YES;
				CLANG_ANALYZER_NUMBER_OBJECT_CONVERSION = YES_AGGRESSIVE;
				CLANG_CXX_LANGUAGE_STANDARD = "gnu++14";
				CLANG_CXX_LIBRARY = "libc++";
				CLANG_ENABLE_MODULES = YES;
				CLANG_ENABLE_OBJC_ARC = YES;
				CLANG_ENABLE_OBJC_WEAK = YES;
				CLANG_WARN_BLOCK_CAPTURE_AUTORELEASING = YES;
				CLANG_WARN_BOOL_CONVERSION = YES;
				CLANG_WARN_COMMA = YES;
				CLANG_WARN_CONSTANT_CONVERSION = YES;
				CLANG_WARN_DEPRECATED_OBJC_IMPLEMENTATIONS = YES;
				CLANG_WARN_DIRECT_OBJC_ISA_USAGE = YES_ERROR;
				CLANG_WARN_DOCUMENTATION_COMMENTS = YES;
				CLANG_WARN_EMPTY_BODY = YES;
				CLANG_WARN_ENUM_CONVERSION = YES;
				CLANG_WARN_INFINITE_RECURSION = YES;
				CLANG_WARN_INT_CONVERSION = YES;
				CLANG_WARN_NON_LITERAL_NULL_CONVERSION = YES;
				CLANG_WARN_OBJC_IMPLICIT_RETAIN_SELF = YES;
				CLANG_WARN_OBJC_LITERAL_CONVERSION = YES;
				CLANG_WARN_OBJC_ROOT_CLASS = YES_ERROR;
				CLANG_WARN_RANGE_LOOP_ANALYSIS = YES;
				CLANG_WARN_STRICT_PROTOTYPES = YES;
				CLANG_WARN_SUSPICIOUS_MOVE = YES;
				CLANG_WARN_UNGUARDED_AVAILABILITY = YES_AGGRESSIVE;
				CLANG_WARN_UNREACHABLE_CODE = YES;
				CLANG_WARN__DUPLICATE_METHOD_MATCH = YES;
				CODE_SIGN_IDENTITY = "iPhone Developer";
				COPY_PHASE_STRIP = NO;
				DEBUG_INFORMATION_FORMAT = "dwarf-with-dsym";
				ENABLE_NS_ASSERTIONS = NO;
				ENABLE_STRICT_OBJC_MSGSEND = YES;
				GCC_C_LANGUAGE_STANDARD = gnu11;
				GCC_NO_COMMON_BLOCKS = YES;
				GCC_WARN_64_TO_32_BIT_CONVERSION = YES;
				GCC_WARN_ABOUT_RETURN_TYPE = YES_ERROR;
				GCC_WARN_UNDECLARED_SELECTOR = YES;
				GCC_WARN_UNINITIALIZED_AUTOS = YES_AGGRESSIVE;
				GCC_WARN_UNUSED_FUNCTION = YES;
				GCC_WARN_UNUSED_VARIABLE = YES;
				IPHONEOS_DEPLOYMENT_TARGET = 12.4;
				MTL_ENABLE_DEBUG_INFO = NO;
				MTL_FAST_MATH = YES;
				SDKROOT = iphoneos;
				SWIFT_COMPILATION_MODE = wholemodule;
				SWIFT_OPTIMIZATION_LEVEL = "-O";
				VALIDATE_PRODUCT = YES;
			};
			name = Release;
		};
		69BBE1842348F9D700597DE1 /* Debug */ = {
			isa = XCBuildConfiguration;
			baseConfigurationReference = 717D48D65DD8BE5F1E59F482 /* Pods-DropboxTest.debug.xcconfig */;
			buildSettings = {
				ASSETCATALOG_COMPILER_APPICON_NAME = AppIcon;
				CODE_SIGN_STYLE = Automatic;
				DEVELOPMENT_TEAM = B3SB5YQVD6;
				INFOPLIST_FILE = DropboxTest/Info.plist;
				IPHONEOS_DEPLOYMENT_TARGET = 11.0;
				LD_RUNPATH_SEARCH_PATHS = (
					"$(inherited)",
					"@executable_path/Frameworks",
				);
				PRODUCT_BUNDLE_IDENTIFIER = AM.DropboxTest;
				PRODUCT_NAME = "$(TARGET_NAME)";
				SWIFT_VERSION = 5.0;
				TARGETED_DEVICE_FAMILY = "1,2";
			};
			name = Debug;
		};
		69BBE1852348F9D700597DE1 /* Release */ = {
			isa = XCBuildConfiguration;
			baseConfigurationReference = 6653A82CA47A6D359AB37045 /* Pods-DropboxTest.release.xcconfig */;
			buildSettings = {
				ASSETCATALOG_COMPILER_APPICON_NAME = AppIcon;
				CODE_SIGN_STYLE = Automatic;
				DEVELOPMENT_TEAM = B3SB5YQVD6;
				INFOPLIST_FILE = DropboxTest/Info.plist;
				IPHONEOS_DEPLOYMENT_TARGET = 11.0;
				LD_RUNPATH_SEARCH_PATHS = (
					"$(inherited)",
					"@executable_path/Frameworks",
				);
				PRODUCT_BUNDLE_IDENTIFIER = AM.DropboxTest;
				PRODUCT_NAME = "$(TARGET_NAME)";
				SWIFT_VERSION = 5.0;
				TARGETED_DEVICE_FAMILY = "1,2";
			};
			name = Release;
		};
		69BBE1872348F9D700597DE1 /* Debug */ = {
			isa = XCBuildConfiguration;
			baseConfigurationReference = 6C591E020455C7F475119352 /* Pods-DropboxTestTests.debug.xcconfig */;
			buildSettings = {
				ALWAYS_EMBED_SWIFT_STANDARD_LIBRARIES = YES;
				BUNDLE_LOADER = "$(TEST_HOST)";
				CODE_SIGN_STYLE = Automatic;
				DEVELOPMENT_TEAM = B3SB5YQVD6;
				INFOPLIST_FILE = DropboxTestTests/Info.plist;
				LD_RUNPATH_SEARCH_PATHS = (
					"$(inherited)",
					"@executable_path/Frameworks",
					"@loader_path/Frameworks",
				);
				PRODUCT_BUNDLE_IDENTIFIER = AM.DropboxTestTests;
				PRODUCT_NAME = "$(TARGET_NAME)";
				SWIFT_VERSION = 5.0;
				TARGETED_DEVICE_FAMILY = "1,2";
				TEST_HOST = "$(BUILT_PRODUCTS_DIR)/DropboxTest.app/DropboxTest";
			};
			name = Debug;
		};
		69BBE1882348F9D700597DE1 /* Release */ = {
			isa = XCBuildConfiguration;
			baseConfigurationReference = FD2310959E838D6AE72281ED /* Pods-DropboxTestTests.release.xcconfig */;
			buildSettings = {
				ALWAYS_EMBED_SWIFT_STANDARD_LIBRARIES = YES;
				BUNDLE_LOADER = "$(TEST_HOST)";
				CODE_SIGN_STYLE = Automatic;
				DEVELOPMENT_TEAM = B3SB5YQVD6;
				INFOPLIST_FILE = DropboxTestTests/Info.plist;
				LD_RUNPATH_SEARCH_PATHS = (
					"$(inherited)",
					"@executable_path/Frameworks",
					"@loader_path/Frameworks",
				);
				PRODUCT_BUNDLE_IDENTIFIER = AM.DropboxTestTests;
				PRODUCT_NAME = "$(TARGET_NAME)";
				SWIFT_VERSION = 5.0;
				TARGETED_DEVICE_FAMILY = "1,2";
				TEST_HOST = "$(BUILT_PRODUCTS_DIR)/DropboxTest.app/DropboxTest";
			};
			name = Release;
		};
/* End XCBuildConfiguration section */

/* Begin XCConfigurationList section */
		69BBE1612348F9D500597DE1 /* Build configuration list for PBXProject "DropboxTest" */ = {
			isa = XCConfigurationList;
			buildConfigurations = (
				69BBE1812348F9D700597DE1 /* Debug */,
				69BBE1822348F9D700597DE1 /* Release */,
			);
			defaultConfigurationIsVisible = 0;
			defaultConfigurationName = Release;
		};
		69BBE1832348F9D700597DE1 /* Build configuration list for PBXNativeTarget "DropboxTest" */ = {
			isa = XCConfigurationList;
			buildConfigurations = (
				69BBE1842348F9D700597DE1 /* Debug */,
				69BBE1852348F9D700597DE1 /* Release */,
			);
			defaultConfigurationIsVisible = 0;
			defaultConfigurationName = Release;
		};
		69BBE1862348F9D700597DE1 /* Build configuration list for PBXNativeTarget "DropboxTestTests" */ = {
			isa = XCConfigurationList;
			buildConfigurations = (
				69BBE1872348F9D700597DE1 /* Debug */,
				69BBE1882348F9D700597DE1 /* Release */,
			);
			defaultConfigurationIsVisible = 0;
			defaultConfigurationName = Release;
		};
/* End XCConfigurationList section */
	};
	rootObject = 69BBE15E2348F9D500597DE1 /* Project object */;
}
